
Microsoft Visual Studio Solution File, Format Version 12.00
Project("{FAE04EC0-301F-11D3-BF4B-00C04F79EFBC}") = "DeployTest", "DeployTest\DeployTest.csproj", "{79A8027C-2671-4851-8FCA-25BA8395FE7B}"
EndProject
Global
	GlobalSection(SolutionConfigurationPlatforms) = preSolution
		Debug|Any CPU = Debug|Any CPU
		Release|Any CPU = Release|Any CPU
	EndGlobalSection
	GlobalSection(ProjectConfigurationPlatforms) = postSolution
		{79A8027C-2671-4851-8FCA-25BA8395FE7B}.Debug|Any CPU.ActiveCfg = Debug|Any CPU
		{79A8027C-2671-4851-8FCA-25BA8395FE7B}.Debug|Any CPU.Build.0 = Debug|Any CPU
		{79A8027C-2671-4851-8FCA-25BA8395FE7B}.Release|Any CPU.ActiveCfg = Release|Any CPU
		{79A8027C-2671-4851-8FCA-25BA8395FE7B}.Release|Any CPU.Build.0 = Release|Any CPU
	EndGlobalSection
EndGlobal
